
Microsoft Visual Studio Solution File, Format Version 12.00
# Visual Studio 15
VisualStudioVersion = 15.0.26720.2
MinimumVisualStudioVersion = 10.0.40219.1
Project("{FAE04EC0-301F-11D3-BF4B-00C04F79EFBC}") = "TechieFunctions", "TechieFunctions\TechieFunctions.csproj", "{D6CAADB7-66B3-4B10-A9BF-AD9AD7EAA917}"
EndProject
Global
	GlobalSection(SolutionConfigurationPlatforms) = preSolution
		Debug|Any CPU = Debug|Any CPU
		Release|Any CPU = Release|Any CPU
	EndGlobalSection
	GlobalSection(ProjectConfigurationPlatforms) = postSolution
		{D6CAADB7-66B3-4B10-A9BF-AD9AD7EAA917}.Debug|Any CPU.ActiveCfg = Debug|Any CPU
		{D6CAADB7-66B3-4B10-A9BF-AD9AD7EAA917}.Debug|Any CPU.Build.0 = Debug|Any CPU
		{D6CAADB7-66B3-4B10-A9BF-AD9AD7EAA917}.Release|Any CPU.ActiveCfg = Release|Any CPU
		{D6CAADB7-66B3-4B10-A9BF-AD9AD7EAA917}.Release|Any CPU.Build.0 = Release|Any CPU
	EndGlobalSection
	GlobalSection(SolutionProperties) = preSolution
		HideSolutionNode = FALSE
	EndGlobalSection
	GlobalSection(ExtensibilityGlobals) = postSolution
		SolutionGuid = {7F15BD2E-0D78-417E-A5C5-D1B2AD5EACF6}
	EndGlobalSection
EndGlobal
